<?xml version="1.0" encoding="UTF-8" standalone="yes" ?>
<CodeBlocks_project_file>
   <FileVersion major="1" minor="6" />
   <Project>
      <Option title="webots_simulation" />
      <Option makefile_is_custom="1" />
      <Option compiler="gcc" />
      <Option virtualFolders="CMake Files\;CMake Files\..\;CMake Files\..\..\;CMake Files\..\..\..\;CMake Files\..\..\..\..\;CMake Files\..\..\..\..\opt\;CMake Files\..\..\..\..\opt\ros\;CMake Files\..\..\..\..\opt\ros\kinetic\;CMake Files\..\..\..\..\opt\ros\kinetic\share\;CMake Files\..\..\..\..\opt\ros\kinetic\share\catkin\;CMake Files\..\..\..\..\opt\ros\kinetic\share\catkin\cmake\;CMake Files\..\..\..\..\opt\ros\kinetic\share\catkin\cmake\platform\;CMake Files\..\..\..\..\opt\ros\kinetic\share\catkin\cmake\test\;CMake Files\..\..\..\..\opt\ros\kinetic\share\catkin\cmake\tools\;CMake Files\..\..\..\..\opt\ros\kinetic\share\catkin\cmake\templates\;CMake Files\..\..\..\..\opt\ros\kinetic\share\catkin\cmake\em\;CMake Files\..\..\..\..\opt\ros\kinetic\share\roscpp\;CMake Files\..\..\..\..\opt\ros\kinetic\share\roscpp\cmake\;CMake Files\..\..\..\..\opt\ros\kinetic\share\cpp_common\;CMake Files\..\..\..\..\opt\ros\kinetic\share\cpp_common\cmake\;CMake Files\..\..\..\..\opt\ros\kinetic\share\message_runtime\;CMake Files\..\..\..\..\opt\ros\kinetic\share\message_runtime\cmake\;CMake Files\..\..\..\..\opt\ros\kinetic\share\roscpp_serialization\;CMake Files\..\..\..\..\opt\ros\kinetic\share\roscpp_serialization\cmake\;CMake Files\..\..\..\..\opt\ros\kinetic\share\roscpp_traits\;CMake Files\..\..\..\..\opt\ros\kinetic\share\roscpp_traits\cmake\;CMake Files\..\..\..\..\opt\ros\kinetic\share\rostime\;CMake Files\..\..\..\..\opt\ros\kinetic\share\rostime\cmake\;CMake Files\..\..\..\..\opt\ros\kinetic\share\rosconsole\;CMake Files\..\..\..\..\opt\ros\kinetic\share\rosconsole\cmake\;CMake Files\..\..\..\..\opt\ros\kinetic\share\rosgraph_msgs\;CMake Files\..\..\..\..\opt\ros\kinetic\share\rosgraph_msgs\cmake\;CMake Files\..\..\..\..\opt\ros\kinetic\share\std_msgs\;CMake Files\..\..\..\..\opt\ros\kinetic\share\std_msgs\cmake\;CMake Files\..\..\..\..\opt\ros\kinetic\share\xmlrpcpp\;CMake Files\..\..\..\..\opt\ros\kinetic\share\xmlrpcpp\cmake\;CMake Files\..\..\..\..\opt\ros\kinetic\share\geometry_msgs\;CMake Files\..\..\..\..\opt\ros\kinetic\share\geometry_msgs\cmake\;CMake Files\..\..\..\..\opt\ros\kinetic\share\turtlesim\;CMake Files\..\..\..\..\opt\ros\kinetic\share\turtlesim\cmake\;CMake Files\..\..\..\..\opt\ros\kinetic\share\std_srvs\;CMake Files\..\..\..\..\opt\ros\kinetic\share\std_srvs\cmake\;CMake Files\..\..\..\..\usr\;CMake Files\..\..\..\..\usr\src\;CMake Files\..\..\..\..\usr\src\gmock\;CMake Files\..\..\..\..\usr\src\gtest\;CMake Files\..\..\..\..\usr\src\gtest\cmake\;CMake Files\..\..\..\..\usr\local\;CMake Files\..\..\..\..\usr\local\lib\;CMake Files\..\..\..\..\usr\local\lib\cmake\;CMake Files\..\..\..\..\usr\local\lib\cmake\rbdl\;CMake Files\..\debug\;CMake Files\..\debug\catkin\;CMake Files\..\debug\catkin\catkin_generated\;CMake Files\..\debug\catkin\catkin_generated\version\;CMake Files\..\debug\catkin_generated\;CMake Files\..\debug\catkin_generated\installspace\;CMake Files\..\debug\single_leg_test\;CMake Files\..\debug\single_leg_test\catkin_generated\;CMake Files\..\debug\devel\;CMake Files\..\debug\devel\share\;CMake Files\..\debug\devel\share\single_leg_test\;CMake Files\..\debug\devel\share\single_leg_test\cmake\;CMake Files\..\debug\webots_simulation\;CMake Files\..\debug\webots_simulation\catkin_generated\;CMake Files\single_leg_test\;CMake Files\webots_simulation\;" />
      <Build>
      <Target title="all">
         <Option working_dir="/home/kun/catkin_ws/debug/webots_simulation" />
         <Option type="4" />
         <MakeCommands>
            <Build command="/usr/bin/make -f &quot;/home/kun/catkin_ws/debug/webots_simulation/Makefile&quot;  VERBOSE=1 all" />
            <CompileFile command="/usr/bin/make -f &quot;/home/kun/catkin_ws/debug/webots_simulation/Makefile&quot;  VERBOSE=1 &quot;$file&quot;" />
            <Clean command="/usr/bin/make -f &quot;/home/kun/catkin_ws/debug/webots_simulation/Makefile&quot;  VERBOSE=1 clean" />
            <DistClean command="/usr/bin/make -f &quot;/home/kun/catkin_ws/debug/webots_simulation/Makefile&quot;  VERBOSE=1 clean" />
         </MakeCommands>
      </Target>
      <Target title="single_leg_dynamics">
         <Option output="/home/kun/catkin_ws/debug/devel/lib/webots_simulation/single_leg_dynamics" prefix_auto="0" extension_auto="0" />
         <Option working_dir="/home/kun/catkin_ws/debug/devel/lib/webots_simulation" />
         <Option object_output="./" />
         <Option type="1" />
         <Option compiler="gcc" />
         <Compiler>
            <Add option="-DROS_BUILD_SHARED_LIBS=1" />
            <Add option="-DROS_PACKAGE_NAME=&quot;webots_simulation&quot;" />
            <Add option="-DROSCONSOLE_BACKEND_LOG4CXX" />
            <Add directory="/home/kun/Webots/model_build/controllers/include" />
            <Add directory="/home/kun/catkin_ws/src/single_leg_test/include" />
            <Add directory="/home/kun/catkin_ws/src/webots_simulation/include" />
            <Add directory="/opt/ros/kinetic/include" />
            <Add directory="/opt/ros/kinetic/share/xmlrpcpp/cmake/../../../include/xmlrpcpp" />
            <Add directory="/usr/include" />
            <Add directory="/usr/include/c++/5" />
            <Add directory="/usr/include/c++/5/backward" />
            <Add directory="/usr/include/eigen3" />
            <Add directory="/usr/include/x86_64-linux-gnu" />
            <Add directory="/usr/include/x86_64-linux-gnu/c++/5" />
            <Add directory="/usr/lib/gcc/x86_64-linux-gnu/5/include" />
            <Add directory="/usr/lib/gcc/x86_64-linux-gnu/5/include-fixed" />
            <Add directory="/usr/local/include" />
            <Add directory="/usr/local/webots/include/controller/cpp" />
         </Compiler>
         <MakeCommands>
            <Build command="/usr/bin/make -f &quot;/home/kun/catkin_ws/debug/webots_simulation/Makefile&quot;  VERBOSE=1 single_leg_dynamics" />
            <CompileFile command="/usr/bin/make -f &quot;/home/kun/catkin_ws/debug/webots_simulation/Makefile&quot;  VERBOSE=1 &quot;$file&quot;" />
            <Clean command="/usr/bin/make -f &quot;/home/kun/catkin_ws/debug/webots_simulation/Makefile&quot;  VERBOSE=1 clean" />
            <DistClean command="/usr/bin/make -f &quot;/home/kun/catkin_ws/debug/webots_simulation/Makefile&quot;  VERBOSE=1 clean" />
         </MakeCommands>
      </Target>
      <Target title="single_leg_dynamics/fast">
         <Option output="/home/kun/catkin_ws/debug/devel/lib/webots_simulation/single_leg_dynamics" prefix_auto="0" extension_auto="0" />
         <Option working_dir="/home/kun/catkin_ws/debug/devel/lib/webots_simulation" />
         <Option object_output="./" />
         <Option type="1" />
         <Option compiler="gcc" />
         <Compiler>
            <Add option="-DROS_BUILD_SHARED_LIBS=1" />
            <Add option="-DROS_PACKAGE_NAME=&quot;webots_simulation&quot;" />
            <Add option="-DROSCONSOLE_BACKEND_LOG4CXX" />
            <Add directory="/home/kun/Webots/model_build/controllers/include" />
            <Add directory="/home/kun/catkin_ws/src/single_leg_test/include" />
            <Add directory="/home/kun/catkin_ws/src/webots_simulation/include" />
            <Add directory="/opt/ros/kinetic/include" />
            <Add directory="/opt/ros/kinetic/share/xmlrpcpp/cmake/../../../include/xmlrpcpp" />
            <Add directory="/usr/include" />
            <Add directory="/usr/include/c++/5" />
            <Add directory="/usr/include/c++/5/backward" />
            <Add directory="/usr/include/eigen3" />
            <Add directory="/usr/include/x86_64-linux-gnu" />
            <Add directory="/usr/include/x86_64-linux-gnu/c++/5" />
            <Add directory="/usr/lib/gcc/x86_64-linux-gnu/5/include" />
            <Add directory="/usr/lib/gcc/x86_64-linux-gnu/5/include-fixed" />
            <Add directory="/usr/local/include" />
            <Add directory="/usr/local/webots/include/controller/cpp" />
         </Compiler>
         <MakeCommands>
            <Build command="/usr/bin/make -f &quot;/home/kun/catkin_ws/debug/webots_simulation/Makefile&quot;  VERBOSE=1 single_leg_dynamics/fast" />
            <CompileFile command="/usr/bin/make -f &quot;/home/kun/catkin_ws/debug/webots_simulation/Makefile&quot;  VERBOSE=1 &quot;$file&quot;" />
            <Clean command="/usr/bin/make -f &quot;/home/kun/catkin_ws/debug/webots_simulation/Makefile&quot;  VERBOSE=1 clean" />
            <DistClean command="/usr/bin/make -f &quot;/home/kun/catkin_ws/debug/webots_simulation/Makefile&quot;  VERBOSE=1 clean" />
         </MakeCommands>
      </Target>
      </Build>
      <Unit filename="/home/kun/Webots/model_build/controllers/single_leg_dynamics/single_leg_dynamics.cpp">
         <Option target="single_leg_dynamics"/>
      </Unit>
      <Unit filename="/home/kun/catkin_ws/src/CMakeLists.txt">
          <Option virtualFolder="CMake Files\" />
      </Unit>
      <Unit filename="/home/kun/catkin_ws/src/../../../../opt/ros/kinetic/share/catkin/package.xml">
          <Option virtualFolder="CMake Files\..\..\..\..\opt\ros\kinetic\share\catkin\" />
      </Unit>
      <Unit filename="/home/kun/catkin_ws/src/../../../../opt/ros/kinetic/share/catkin/cmake/catkinConfig-version.cmake">
          <Option virtualFolder="CMake Files\..\..\..\..\opt\ros\kinetic\share\catkin\cmake\" />
      </Unit>
      <Unit filename="/home/kun/catkin_ws/src/../../../../opt/ros/kinetic/share/catkin/cmake/catkinConfig.cmake">
          <Option virtualFolder="CMake Files\..\..\..\..\opt\ros\kinetic\share\catkin\cmake\" />
      </Unit>
      <Unit filename="/home/kun/catkin_ws/src/../../../../opt/ros/kinetic/share/catkin/cmake/all.cmake">
          <Option virtualFolder="CMake Files\..\..\..\..\opt\ros\kinetic\share\catkin\cmake\" />
      </Unit>
      <Unit filename="/home/kun/catkin_ws/src/../../../../opt/ros/kinetic/share/catkin/cmake/assert.cmake">
          <Option virtualFolder="CMake Files\..\..\..\..\opt\ros\kinetic\share\catkin\cmake\" />
      </Unit>
      <Unit filename="/home/kun/catkin_ws/src/../../../../opt/ros/kinetic/share/catkin/cmake/atomic_configure_file.cmake">
          <Option virtualFolder="CMake Files\..\..\..\..\opt\ros\kinetic\share\catkin\cmake\" />
      </Unit>
      <Unit filename="/home/kun/catkin_ws/src/../../../../opt/ros/kinetic/share/catkin/cmake/catkin_add_env_hooks.cmake">
          <Option virtualFolder="CMake Files\..\..\..\..\opt\ros\kinetic\share\catkin\cmake\" />
      </Unit>
      <Unit filename="/home/kun/catkin_ws/src/../../../../opt/ros/kinetic/share/catkin/cmake/catkin_destinations.cmake">
          <Option virtualFolder="CMake Files\..\..\..\..\opt\ros\kinetic\share\catkin\cmake\" />
      </Unit>
      <Unit filename="/home/kun/catkin_ws/src/../../../../opt/ros/kinetic/share/catkin/cmake/catkin_download.cmake">
          <Option virtualFolder="CMake Files\..\..\..\..\opt\ros\kinetic\share\catkin\cmake\" />
      </Unit>
      <Unit filename="/home/kun/catkin_ws/src/../../../../opt/ros/kinetic/share/catkin/cmake/catkin_generate_environment.cmake">
          <Option virtualFolder="CMake Files\..\..\..\..\opt\ros\kinetic\share\catkin\cmake\" />
      </Unit>
      <Unit filename="/home/kun/catkin_ws/src/../../../../opt/ros/kinetic/share/catkin/cmake/catkin_install_python.cmake">
          <Option virtualFolder="CMake Files\..\..\..\..\opt\ros\kinetic\share\catkin\cmake\" />
      </Unit>
      <Unit filename="/home/kun/catkin_ws/src/../../../../opt/ros/kinetic/share/catkin/cmake/catkin_libraries.cmake">
          <Option virtualFolder="CMake Files\..\..\..\..\opt\ros\kinetic\share\catkin\cmake\" />
      </Unit>
      <Unit filename="/home/kun/catkin_ws/src/../../../../opt/ros/kinetic/share/catkin/cmake/catkin_metapackage.cmake">
          <Option virtualFolder="CMake Files\..\..\..\..\opt\ros\kinetic\share\catkin\cmake\" />
      </Unit>
      <Unit filename="/home/kun/catkin_ws/src/../../../../opt/ros/kinetic/share/catkin/cmake/catkin_package.cmake">
          <Option virtualFolder="CMake Files\..\..\..\..\opt\ros\kinetic\share\catkin\cmake\" />
      </Unit>
      <Unit filename="/home/kun/catkin_ws/src/../../../../opt/ros/kinetic/share/catkin/cmake/catkin_package_xml.cmake">
          <Option virtualFolder="CMake Files\..\..\..\..\opt\ros\kinetic\share\catkin\cmake\" />
      </Unit>
      <Unit filename="/home/kun/catkin_ws/src/../../../../opt/ros/kinetic/share/catkin/cmake/catkin_workspace.cmake">
          <Option virtualFolder="CMake Files\..\..\..\..\opt\ros\kinetic\share\catkin\cmake\" />
      </Unit>
      <Unit filename="/home/kun/catkin_ws/src/../../../../opt/ros/kinetic/share/catkin/cmake/debug_message.cmake">
          <Option virtualFolder="CMake Files\..\..\..\..\opt\ros\kinetic\share\catkin\cmake\" />
      </Unit>
      <Unit filename="/home/kun/catkin_ws/src/../../../../opt/ros/kinetic/share/catkin/cmake/em_expand.cmake">
          <Option virtualFolder="CMake Files\..\..\..\..\opt\ros\kinetic\share\catkin\cmake\" />
      </Unit>
      <Unit filename="/home/kun/catkin_ws/src/../../../../opt/ros/kinetic/share/catkin/cmake/python.cmake">
          <Option virtualFolder="CMake Files\..\..\..\..\opt\ros\kinetic\share\catkin\cmake\" />
      </Unit>
      <Unit filename="/home/kun/catkin_ws/src/../../../../opt/ros/kinetic/share/catkin/cmake/empy.cmake">
          <Option virtualFolder="CMake Files\..\..\..\..\opt\ros\kinetic\share\catkin\cmake\" />
      </Unit>
      <Unit filename="/home/kun/catkin_ws/src/../../../../opt/ros/kinetic/share/catkin/cmake/find_program_required.cmake">
          <Option virtualFolder="CMake Files\..\..\..\..\opt\ros\kinetic\share\catkin\cmake\" />
      </Unit>
      <Unit filename="/home/kun/catkin_ws/src/../../../../opt/ros/kinetic/share/catkin/cmake/legacy.cmake">
          <Option virtualFolder="CMake Files\..\..\..\..\opt\ros\kinetic\share\catkin\cmake\" />
      </Unit>
      <Unit filename="/home/kun/catkin_ws/src/../../../../opt/ros/kinetic/share/catkin/cmake/list_append_deduplicate.cmake">
          <Option virtualFolder="CMake Files\..\..\..\..\opt\ros\kinetic\share\catkin\cmake\" />
      </Unit>
      <Unit filename="/home/kun/catkin_ws/src/../../../../opt/ros/kinetic/share/catkin/cmake/list_append_unique.cmake">
          <Option virtualFolder="CMake Files\..\..\..\..\opt\ros\kinetic\share\catkin\cmake\" />
      </Unit>
      <Unit filename="/home/kun/catkin_ws/src/../../../../opt/ros/kinetic/share/catkin/cmake/list_insert_in_workspace_order.cmake">
          <Option virtualFolder="CMake Files\..\..\..\..\opt\ros\kinetic\share\catkin\cmake\" />
      </Unit>
      <Unit filename="/home/kun/catkin_ws/src/../../../../opt/ros/kinetic/share/catkin/cmake/safe_execute_process.cmake">
          <Option virtualFolder="CMake Files\..\..\..\..\opt\ros\kinetic\share\catkin\cmake\" />
      </Unit>
      <Unit filename="/home/kun/catkin_ws/src/../../../../opt/ros/kinetic/share/catkin/cmake/stamp.cmake">
          <Option virtualFolder="CMake Files\..\..\..\..\opt\ros\kinetic\share\catkin\cmake\" />
      </Unit>
      <Unit filename="/home/kun/catkin_ws/src/../../../../opt/ros/kinetic/share/catkin/cmake/string_starts_with.cmake">
          <Option virtualFolder="CMake Files\..\..\..\..\opt\ros\kinetic\share\catkin\cmake\" />
      </Unit>
      <Unit filename="/home/kun/catkin_ws/src/../../../../opt/ros/kinetic/share/catkin/cmake/catkin_python_setup.cmake">
          <Option virtualFolder="CMake Files\..\..\..\..\opt\ros\kinetic\share\catkin\cmake\" />
      </Unit>
      <Unit filename="/home/kun/catkin_ws/src/../../../../opt/ros/kinetic/share/catkin/cmake/interrogate_setup_dot_py.py">
          <Option virtualFolder="CMake Files\..\..\..\..\opt\ros\kinetic\share\catkin\cmake\" />
      </Unit>
      <Unit filename="/home/kun/catkin_ws/src/../../../../opt/ros/kinetic/share/catkin/cmake/catkinConfig-version.cmake">
          <Option virtualFolder="CMake Files\..\..\..\..\opt\ros\kinetic\share\catkin\cmake\" />
      </Unit>
      <Unit filename="/home/kun/catkin_ws/src/../../../../opt/ros/kinetic/share/catkin/cmake/catkinConfig.cmake">
          <Option virtualFolder="CMake Files\..\..\..\..\opt\ros\kinetic\share\catkin\cmake\" />
      </Unit>
      <Unit filename="/home/kun/catkin_ws/src/../../../../opt/ros/kinetic/share/catkin/cmake/catkinConfig-version.cmake">
          <Option virtualFolder="CMake Files\..\..\..\..\opt\ros\kinetic\share\catkin\cmake\" />
      </Unit>
      <Unit filename="/home/kun/catkin_ws/src/../../../../opt/ros/kinetic/share/catkin/cmake/catkinConfig.cmake">
          <Option virtualFolder="CMake Files\..\..\..\..\opt\ros\kinetic\share\catkin\cmake\" />
      </Unit>
      <Unit filename="/home/kun/catkin_ws/src/../../../../opt/ros/kinetic/share/catkin/cmake/catkinConfig-version.cmake">
          <Option virtualFolder="CMake Files\..\..\..\..\opt\ros\kinetic\share\catkin\cmake\" />
      </Unit>
      <Unit filename="/home/kun/catkin_ws/src/../../../../opt/ros/kinetic/share/catkin/cmake/catkinConfig.cmake">
          <Option virtualFolder="CMake Files\..\..\..\..\opt\ros\kinetic\share\catkin\cmake\" />
      </Unit>
      <Unit filename="/home/kun/catkin_ws/src/../../../../opt/ros/kinetic/share/catkin/cmake/catkinConfig-version.cmake">
          <Option virtualFolder="CMake Files\..\..\..\..\opt\ros\kinetic\share\catkin\cmake\" />
      </Unit>
      <Unit filename="/home/kun/catkin_ws/src/../../../../opt/ros/kinetic/share/catkin/cmake/catkinConfig.cmake">
          <Option virtualFolder="CMake Files\..\..\..\..\opt\ros\kinetic\share\catkin\cmake\" />
      </Unit>
      <Unit filename="/home/kun/catkin_ws/src/../../../../opt/ros/kinetic/share/catkin/cmake/platform/lsb.cmake">
          <Option virtualFolder="CMake Files\..\..\..\..\opt\ros\kinetic\share\catkin\cmake\platform\" />
      </Unit>
      <Unit filename="/home/kun/catkin_ws/src/../../../../opt/ros/kinetic/share/catkin/cmake/platform/ubuntu.cmake">
          <Option virtualFolder="CMake Files\..\..\..\..\opt\ros\kinetic\share\catkin\cmake\platform\" />
      </Unit>
      <Unit filename="/home/kun/catkin_ws/src/../../../../opt/ros/kinetic/share/catkin/cmake/platform/windows.cmake">
          <Option virtualFolder="CMake Files\..\..\..\..\opt\ros\kinetic\share\catkin\cmake\platform\" />
      </Unit>
      <Unit filename="/home/kun/catkin_ws/src/../../../../opt/ros/kinetic/share/catkin/cmake/test/tests.cmake">
          <Option virtualFolder="CMake Files\..\..\..\..\opt\ros\kinetic\share\catkin\cmake\test\" />
      </Unit>
      <Unit filename="/home/kun/catkin_ws/src/../../../../opt/ros/kinetic/share/catkin/cmake/test/catkin_download_test_data.cmake">
          <Option virtualFolder="CMake Files\..\..\..\..\opt\ros\kinetic\share\catkin\cmake\test\" />
      </Unit>
      <Unit filename="/home/kun/catkin_ws/src/../../../../opt/ros/kinetic/share/catkin/cmake/test/gtest.cmake">
          <Option virtualFolder="CMake Files\..\..\..\..\opt\ros\kinetic\share\catkin\cmake\test\" />
      </Unit>
      <Unit filename="/home/kun/catkin_ws/src/../../../../opt/ros/kinetic/share/catkin/cmake/test/nosetests.cmake">
          <Option virtualFolder="CMake Files\..\..\..\..\opt\ros\kinetic\share\catkin\cmake\test\" />
      </Unit>
      <Unit filename="/home/kun/catkin_ws/src/../../../../opt/ros/kinetic/share/catkin/cmake/tools/doxygen.cmake">
          <Option virtualFolder="CMake Files\..\..\..\..\opt\ros\kinetic\share\catkin\cmake\tools\" />
      </Unit>
      <Unit filename="/home/kun/catkin_ws/src/../../../../opt/ros/kinetic/share/catkin/cmake/tools/libraries.cmake">
          <Option virtualFolder="CMake Files\..\..\..\..\opt\ros\kinetic\share\catkin\cmake\tools\" />
      </Unit>
      <Unit filename="/home/kun/catkin_ws/src/../../../../opt/ros/kinetic/share/catkin/cmake/tools/rt.cmake">
          <Option virtualFolder="CMake Files\..\..\..\..\opt\ros\kinetic\share\catkin\cmake\tools\" />
      </Unit>
      <Unit filename="/home/kun/catkin_ws/src/../../../../opt/ros/kinetic/share/catkin/cmake/templates/_setup_util.py.in">
          <Option virtualFolder="CMake Files\..\..\..\..\opt\ros\kinetic\share\catkin\cmake\templates\" />
      </Unit>
      <Unit filename="/home/kun/catkin_ws/src/../../../../opt/ros/kinetic/share/catkin/cmake/templates/env.sh.in">
          <Option virtualFolder="CMake Files\..\..\..\..\opt\ros\kinetic\share\catkin\cmake\templates\" />
      </Unit>
      <Unit filename="/home/kun/catkin_ws/src/../../../../opt/ros/kinetic/share/catkin/cmake/templates/setup.bash.in">
          <Option virtualFolder="CMake Files\..\..\..\..\opt\ros\kinetic\share\catkin\cmake\templates\" />
      </Unit>
      <Unit filename="/home/kun/catkin_ws/src/../../../../opt/ros/kinetic/share/catkin/cmake/templates/setup.sh.in">
          <Option virtualFolder="CMake Files\..\..\..\..\opt\ros\kinetic\share\catkin\cmake\templates\" />
      </Unit>
      <Unit filename="/home/kun/catkin_ws/src/../../../../opt/ros/kinetic/share/catkin/cmake/templates/setup.zsh.in">
          <Option virtualFolder="CMake Files\..\..\..\..\opt\ros\kinetic\share\catkin\cmake\templates\" />
      </Unit>
      <Unit filename="/home/kun/catkin_ws/src/../../../../opt/ros/kinetic/share/catkin/cmake/templates/rosinstall.in">
          <Option virtualFolder="CMake Files\..\..\..\..\opt\ros\kinetic\share\catkin\cmake\templates\" />
      </Unit>
      <Unit filename="/home/kun/catkin_ws/src/../../../../opt/ros/kinetic/share/catkin/cmake/templates/_setup_util.py.in">
          <Option virtualFolder="CMake Files\..\..\..\..\opt\ros\kinetic\share\catkin\cmake\templates\" />
      </Unit>
      <Unit filename="/home/kun/catkin_ws/src/../../../../opt/ros/kinetic/share/catkin/cmake/templates/env.sh.in">
          <Option virtualFolder="CMake Files\..\..\..\..\opt\ros\kinetic\share\catkin\cmake\templates\" />
      </Unit>
      <Unit filename="/home/kun/catkin_ws/src/../../../../opt/ros/kinetic/share/catkin/cmake/templates/setup.bash.in">
          <Option virtualFolder="CMake Files\..\..\..\..\opt\ros\kinetic\share\catkin\cmake\templates\" />
      </Unit>
      <Unit filename="/home/kun/catkin_ws/src/../../../../opt/ros/kinetic/share/catkin/cmake/templates/setup.sh.in">
          <Option virtualFolder="CMake Files\..\..\..\..\opt\ros\kinetic\share\catkin\cmake\templates\" />
      </Unit>
      <Unit filename="/home/kun/catkin_ws/src/../../../../opt/ros/kinetic/share/catkin/cmake/templates/setup.zsh.in">
          <Option virtualFolder="CMake Files\..\..\..\..\opt\ros\kinetic\share\catkin\cmake\templates\" />
      </Unit>
      <Unit filename="/home/kun/catkin_ws/src/../../../../opt/ros/kinetic/share/catkin/cmake/templates/rosinstall.in">
          <Option virtualFolder="CMake Files\..\..\..\..\opt\ros\kinetic\share\catkin\cmake\templates\" />
      </Unit>
      <Unit filename="/home/kun/catkin_ws/src/../../../../opt/ros/kinetic/share/catkin/cmake/templates/generate_cached_setup.py.in">
          <Option virtualFolder="CMake Files\..\..\..\..\opt\ros\kinetic\share\catkin\cmake\templates\" />
      </Unit>
      <Unit filename="/home/kun/catkin_ws/src/../../../../opt/ros/kinetic/share/catkin/cmake/templates/env.sh.in">
          <Option virtualFolder="CMake Files\..\..\..\..\opt\ros\kinetic\share\catkin\cmake\templates\" />
      </Unit>
      <Unit filename="/home/kun/catkin_ws/src/../../../../opt/ros/kinetic/share/catkin/cmake/templates/order_packages.context.py.in">
          <Option virtualFolder="CMake Files\..\..\..\..\opt\ros\kinetic\share\catkin\cmake\templates\" />
      </Unit>
      <Unit filename="/home/kun/catkin_ws/src/../../../../opt/ros/kinetic/share/catkin/cmake/templates/pkg.context.pc.in">
          <Option virtualFolder="CMake Files\..\..\..\..\opt\ros\kinetic\share\catkin\cmake\templates\" />
      </Unit>
      <Unit filename="/home/kun/catkin_ws/src/../../../../opt/ros/kinetic/share/catkin/cmake/templates/pkgConfig.cmake.in">
          <Option virtualFolder="CMake Files\..\..\..\..\opt\ros\kinetic\share\catkin\cmake\templates\" />
      </Unit>
      <Unit filename="/home/kun/catkin_ws/src/../../../../opt/ros/kinetic/share/catkin/cmake/templates/pkgConfig-version.cmake.in">
          <Option virtualFolder="CMake Files\..\..\..\..\opt\ros\kinetic\share\catkin\cmake\templates\" />
      </Unit>
      <Unit filename="/home/kun/catkin_ws/src/../../../../opt/ros/kinetic/share/catkin/cmake/templates/pkg.context.pc.in">
          <Option virtualFolder="CMake Files\..\..\..\..\opt\ros\kinetic\share\catkin\cmake\templates\" />
      </Unit>
      <Unit filename="/home/kun/catkin_ws/src/../../../../opt/ros/kinetic/share/catkin/cmake/templates/pkgConfig.cmake.in">
          <Option virtualFolder="CMake Files\..\..\..\..\opt\ros\kinetic\share\catkin\cmake\templates\" />
      </Unit>
      <Unit filename="/home/kun/catkin_ws/src/../../../../opt/ros/kinetic/share/catkin/cmake/templates/pkgConfig-version.cmake.in">
          <Option virtualFolder="CMake Files\..\..\..\..\opt\ros\kinetic\share\catkin\cmake\templates\" />
      </Unit>
      <Unit filename="/home/kun/catkin_ws/src/../../../../opt/ros/kinetic/share/catkin/cmake/templates/pkg.context.pc.in">
          <Option virtualFolder="CMake Files\..\..\..\..\opt\ros\kinetic\share\catkin\cmake\templates\" />
      </Unit>
      <Unit filename="/home/kun/catkin_ws/src/../../../../opt/ros/kinetic/share/catkin/cmake/templates/pkgConfig.cmake.in">
          <Option virtualFolder="CMake Files\..\..\..\..\opt\ros\kinetic\share\catkin\cmake\templates\" />
      </Unit>
      <Unit filename="/home/kun/catkin_ws/src/../../../../opt/ros/kinetic/share/catkin/cmake/templates/pkgConfig-version.cmake.in">
          <Option virtualFolder="CMake Files\..\..\..\..\opt\ros\kinetic\share\catkin\cmake\templates\" />
      </Unit>
      <Unit filename="/home/kun/catkin_ws/src/../../../../opt/ros/kinetic/share/catkin/cmake/templates/pkg.context.pc.in">
          <Option virtualFolder="CMake Files\..\..\..\..\opt\ros\kinetic\share\catkin\cmake\templates\" />
      </Unit>
      <Unit filename="/home/kun/catkin_ws/src/../../../../opt/ros/kinetic/share/catkin/cmake/templates/pkgConfig.cmake.in">
          <Option virtualFolder="CMake Files\..\..\..\..\opt\ros\kinetic\share\catkin\cmake\templates\" />
      </Unit>
      <Unit filename="/home/kun/catkin_ws/src/../../../../opt/ros/kinetic/share/catkin/cmake/templates/pkgConfig-version.cmake.in">
          <Option virtualFolder="CMake Files\..\..\..\..\opt\ros\kinetic\share\catkin\cmake\templates\" />
      </Unit>
      <Unit filename="/home/kun/catkin_ws/src/../../../../opt/ros/kinetic/share/catkin/cmake/templates/pkg.context.pc.in">
          <Option virtualFolder="CMake Files\..\..\..\..\opt\ros\kinetic\share\catkin\cmake\templates\" />
      </Unit>
      <Unit filename="/home/kun/catkin_ws/src/../../../../opt/ros/kinetic/share/catkin/cmake/templates/pkgConfig.cmake.in">
          <Option virtualFolder="CMake Files\..\..\..\..\opt\ros\kinetic\share\catkin\cmake\templates\" />
      </Unit>
      <Unit filename="/home/kun/catkin_ws/src/../../../../opt/ros/kinetic/share/catkin/cmake/templates/pkgConfig-version.cmake.in">
          <Option virtualFolder="CMake Files\..\..\..\..\opt\ros\kinetic\share\catkin\cmake\templates\" />
      </Unit>
      <Unit filename="/home/kun/catkin_ws/src/../../../../opt/ros/kinetic/share/catkin/cmake/templates/pkg.context.pc.in">
          <Option virtualFolder="CMake Files\..\..\..\..\opt\ros\kinetic\share\catkin\cmake\templates\" />
      </Unit>
      <Unit filename="/home/kun/catkin_ws/src/../../../../opt/ros/kinetic/share/catkin/cmake/templates/pkgConfig.cmake.in">
          <Option virtualFolder="CMake Files\..\..\..\..\opt\ros\kinetic\share\catkin\cmake\templates\" />
      </Unit>
      <Unit filename="/home/kun/catkin_ws/src/../../../../opt/ros/kinetic/share/catkin/cmake/templates/pkgConfig-version.cmake.in">
          <Option virtualFolder="CMake Files\..\..\..\..\opt\ros\kinetic\share\catkin\cmake\templates\" />
      </Unit>
      <Unit filename="/home/kun/catkin_ws/src/../../../../opt/ros/kinetic/share/catkin/cmake/templates/pkg.context.pc.in">
          <Option virtualFolder="CMake Files\..\..\..\..\opt\ros\kinetic\share\catkin\cmake\templates\" />
      </Unit>
      <Unit filename="/home/kun/catkin_ws/src/../../../../opt/ros/kinetic/share/catkin/cmake/templates/pkgConfig.cmake.in">
          <Option virtualFolder="CMake Files\..\..\..\..\opt\ros\kinetic\share\catkin\cmake\templates\" />
      </Unit>
      <Unit filename="/home/kun/catkin_ws/src/../../../../opt/ros/kinetic/share/catkin/cmake/templates/pkgConfig-version.cmake.in">
          <Option virtualFolder="CMake Files\..\..\..\..\opt\ros\kinetic\share\catkin\cmake\templates\" />
      </Unit>
      <Unit filename="/home/kun/catkin_ws/src/../../../../opt/ros/kinetic/share/catkin/cmake/templates/pkg.context.pc.in">
          <Option virtualFolder="CMake Files\..\..\..\..\opt\ros\kinetic\share\catkin\cmake\templates\" />
      </Unit>
      <Unit filename="/home/kun/catkin_ws/src/../../../../opt/ros/kinetic/share/catkin/cmake/templates/pkgConfig.cmake.in">
          <Option virtualFolder="CMake Files\..\..\..\..\opt\ros\kinetic\share\catkin\cmake\templates\" />
      </Unit>
      <Unit filename="/home/kun/catkin_ws/src/../../../../opt/ros/kinetic/share/catkin/cmake/templates/pkgConfig-version.cmake.in">
          <Option virtualFolder="CMake Files\..\..\..\..\opt\ros\kinetic\share\catkin\cmake\templates\" />
      </Unit>
      <Unit filename="/home/kun/catkin_ws/src/../../../../opt/ros/kinetic/share/catkin/cmake/em/order_packages.cmake.em">
          <Option virtualFolder="CMake Files\..\..\..\..\opt\ros\kinetic\share\catkin\cmake\em\" />
      </Unit>
      <Unit filename="/home/kun/catkin_ws/src/../../../../opt/ros/kinetic/share/catkin/cmake/em/pkg.pc.em">
          <Option virtualFolder="CMake Files\..\..\..\..\opt\ros\kinetic\share\catkin\cmake\em\" />
      </Unit>
      <Unit filename="/home/kun/catkin_ws/src/../../../../opt/ros/kinetic/share/catkin/cmake/em/pkg.pc.em">
          <Option virtualFolder="CMake Files\..\..\..\..\opt\ros\kinetic\share\catkin\cmake\em\" />
      </Unit>
      <Unit filename="/home/kun/catkin_ws/src/../../../../opt/ros/kinetic/share/catkin/cmake/em/pkg.pc.em">
          <Option virtualFolder="CMake Files\..\..\..\..\opt\ros\kinetic\share\catkin\cmake\em\" />
      </Unit>
      <Unit filename="/home/kun/catkin_ws/src/../../../../opt/ros/kinetic/share/catkin/cmake/em/pkg.pc.em">
          <Option virtualFolder="CMake Files\..\..\..\..\opt\ros\kinetic\share\catkin\cmake\em\" />
      </Unit>
      <Unit filename="/home/kun/catkin_ws/src/../../../../opt/ros/kinetic/share/catkin/cmake/em/pkg.pc.em">
          <Option virtualFolder="CMake Files\..\..\..\..\opt\ros\kinetic\share\catkin\cmake\em\" />
      </Unit>
      <Unit filename="/home/kun/catkin_ws/src/../../../../opt/ros/kinetic/share/catkin/cmake/em/pkg.pc.em">
          <Option virtualFolder="CMake Files\..\..\..\..\opt\ros\kinetic\share\catkin\cmake\em\" />
      </Unit>
      <Unit filename="/home/kun/catkin_ws/src/../../../../opt/ros/kinetic/share/catkin/cmake/em/pkg.pc.em">
          <Option virtualFolder="CMake Files\..\..\..\..\opt\ros\kinetic\share\catkin\cmake\em\" />
      </Unit>
      <Unit filename="/home/kun/catkin_ws/src/../../../../opt/ros/kinetic/share/catkin/cmake/em/pkg.pc.em">
          <Option virtualFolder="CMake Files\..\..\..\..\opt\ros\kinetic\share\catkin\cmake\em\" />
      </Unit>
      <Unit filename="/home/kun/catkin_ws/src/../../../../opt/ros/kinetic/share/roscpp/cmake/roscppConfig-version.cmake">
          <Option virtualFolder="CMake Files\..\..\..\..\opt\ros\kinetic\share\roscpp\cmake\" />
      </Unit>
      <Unit filename="/home/kun/catkin_ws/src/../../../../opt/ros/kinetic/share/roscpp/cmake/roscppConfig.cmake">
          <Option virtualFolder="CMake Files\..\..\..\..\opt\ros\kinetic\share\roscpp\cmake\" />
      </Unit>
      <Unit filename="/home/kun/catkin_ws/src/../../../../opt/ros/kinetic/share/roscpp/cmake/roscpp-msg-extras.cmake">
          <Option virtualFolder="CMake Files\..\..\..\..\opt\ros\kinetic\share\roscpp\cmake\" />
      </Unit>
      <Unit filename="/home/kun/catkin_ws/src/../../../../opt/ros/kinetic/share/roscpp/cmake/roscppConfig-version.cmake">
          <Option virtualFolder="CMake Files\..\..\..\..\opt\ros\kinetic\share\roscpp\cmake\" />
      </Unit>
      <Unit filename="/home/kun/catkin_ws/src/../../../../opt/ros/kinetic/share/roscpp/cmake/roscppConfig.cmake">
          <Option virtualFolder="CMake Files\..\..\..\..\opt\ros\kinetic\share\roscpp\cmake\" />
      </Unit>
      <Unit filename="/home/kun/catkin_ws/src/../../../../opt/ros/kinetic/share/roscpp/cmake/roscpp-msg-extras.cmake">
          <Option virtualFolder="CMake Files\..\..\..\..\opt\ros\kinetic\share\roscpp\cmake\" />
      </Unit>
      <Unit filename="/home/kun/catkin_ws/src/../../../../opt/ros/kinetic/share/roscpp/cmake/roscppConfig-version.cmake">
          <Option virtualFolder="CMake Files\..\..\..\..\opt\ros\kinetic\share\roscpp\cmake\" />
      </Unit>
      <Unit filename="/home/kun/catkin_ws/src/../../../../opt/ros/kinetic/share/roscpp/cmake/roscppConfig.cmake">
          <Option virtualFolder="CMake Files\..\..\..\..\opt\ros\kinetic\share\roscpp\cmake\" />
      </Unit>
      <Unit filename="/home/kun/catkin_ws/src/../../../../opt/ros/kinetic/share/roscpp/cmake/roscpp-msg-extras.cmake">
          <Option virtualFolder="CMake Files\..\..\..\..\opt\ros\kinetic\share\roscpp\cmake\" />
      </Unit>
      <Unit filename="/home/kun/catkin_ws/src/../../../../opt/ros/kinetic/share/roscpp/cmake/roscppConfig-version.cmake">
          <Option virtualFolder="CMake Files\..\..\..\..\opt\ros\kinetic\share\roscpp\cmake\" />
      </Unit>
      <Unit filename="/home/kun/catkin_ws/src/../../../../opt/ros/kinetic/share/roscpp/cmake/roscppConfig.cmake">
          <Option virtualFolder="CMake Files\..\..\..\..\opt\ros\kinetic\share\roscpp\cmake\" />
      </Unit>
      <Unit filename="/home/kun/catkin_ws/src/../../../../opt/ros/kinetic/share/roscpp/cmake/roscpp-msg-extras.cmake">
          <Option virtualFolder="CMake Files\..\..\..\..\opt\ros\kinetic\share\roscpp\cmake\" />
      </Unit>
      <Unit filename="/home/kun/catkin_ws/src/../../../../opt/ros/kinetic/share/cpp_common/cmake/cpp_commonConfig-version.cmake">
          <Option virtualFolder="CMake Files\..\..\..\..\opt\ros\kinetic\share\cpp_common\cmake\" />
      </Unit>
      <Unit filename="/home/kun/catkin_ws/src/../../../../opt/ros/kinetic/share/cpp_common/cmake/cpp_commonConfig.cmake">
          <Option virtualFolder="CMake Files\..\..\..\..\opt\ros\kinetic\share\cpp_common\cmake\" />
      </Unit>
      <Unit filename="/home/kun/catkin_ws/src/../../../../opt/ros/kinetic/share/cpp_common/cmake/cpp_commonConfig-version.cmake">
          <Option virtualFolder="CMake Files\..\..\..\..\opt\ros\kinetic\share\cpp_common\cmake\" />
      </Unit>
      <Unit filename="/home/kun/catkin_ws/src/../../../../opt/ros/kinetic/share/cpp_common/cmake/cpp_commonConfig.cmake">
          <Option virtualFolder="CMake Files\..\..\..\..\opt\ros\kinetic\share\cpp_common\cmake\" />
      </Unit>
      <Unit filename="/home/kun/catkin_ws/src/../../../../opt/ros/kinetic/share/cpp_common/cmake/cpp_commonConfig-version.cmake">
          <Option virtualFolder="CMake Files\..\..\..\..\opt\ros\kinetic\share\cpp_common\cmake\" />
      </Unit>
      <Unit filename="/home/kun/catkin_ws/src/../../../../opt/ros/kinetic/share/cpp_common/cmake/cpp_commonConfig.cmake">
          <Option virtualFolder="CMake Files\..\..\..\..\opt\ros\kinetic\share\cpp_common\cmake\" />
      </Unit>
      <Unit filename="/home/kun/catkin_ws/src/../../../../opt/ros/kinetic/share/cpp_common/cmake/cpp_commonConfig-version.cmake">
          <Option virtualFolder="CMake Files\..\..\..\..\opt\ros\kinetic\share\cpp_common\cmake\" />
      </Unit>
      <Unit filename="/home/kun/catkin_ws/src/../../../../opt/ros/kinetic/share/cpp_common/cmake/cpp_commonConfig.cmake">
          <Option virtualFolder="CMake Files\..\..\..\..\opt\ros\kinetic\share\cpp_common\cmake\" />
      </Unit>
      <Unit filename="/home/kun/catkin_ws/src/../../../../opt/ros/kinetic/share/message_runtime/cmake/message_runtimeConfig-version.cmake">
          <Option virtualFolder="CMake Files\..\..\..\..\opt\ros\kinetic\share\message_runtime\cmake\" />
      </Unit>
      <Unit filename="/home/kun/catkin_ws/src/../../../../opt/ros/kinetic/share/message_runtime/cmake/message_runtimeConfig.cmake">
          <Option virtualFolder="CMake Files\..\..\..\..\opt\ros\kinetic\share\message_runtime\cmake\" />
      </Unit>
      <Unit filename="/home/kun/catkin_ws/src/../../../../opt/ros/kinetic/share/message_runtime/cmake/message_runtimeConfig-version.cmake">
          <Option virtualFolder="CMake Files\..\..\..\..\opt\ros\kinetic\share\message_runtime\cmake\" />
      </Unit>
      <Unit filename="/home/kun/catkin_ws/src/../../../../opt/ros/kinetic/share/message_runtime/cmake/message_runtimeConfig.cmake">
          <Option virtualFolder="CMake Files\..\..\..\..\opt\ros\kinetic\share\message_runtime\cmake\" />
      </Unit>
      <Unit filename="/home/kun/catkin_ws/src/../../../../opt/ros/kinetic/share/message_runtime/cmake/message_runtimeConfig-version.cmake">
          <Option virtualFolder="CMake Files\..\..\..\..\opt\ros\kinetic\share\message_runtime\cmake\" />
      </Unit>
      <Unit filename="/home/kun/catkin_ws/src/../../../../opt/ros/kinetic/share/message_runtime/cmake/message_runtimeConfig.cmake">
          <Option virtualFolder="CMake Files\..\..\..\..\opt\ros\kinetic\share\message_runtime\cmake\" />
      </Unit>
      <Unit filename="/home/kun/catkin_ws/src/../../../../opt/ros/kinetic/share/message_runtime/cmake/message_runtimeConfig-version.cmake">
          <Option virtualFolder="CMake Files\..\..\..\..\opt\ros\kinetic\share\message_runtime\cmake\" />
      </Unit>
      <Unit filename="/home/kun/catkin_ws/src/../../../../opt/ros/kinetic/share/message_runtime/cmake/message_runtimeConfig.cmake">
          <Option virtualFolder="CMake Files\..\..\..\..\opt\ros\kinetic\share\message_runtime\cmake\" />
      </Unit>
      <Unit filename="/home/kun/catkin_ws/src/../../../../opt/ros/kinetic/share/roscpp_serialization/cmake/roscpp_serializationConfig-version.cmake">
          <Option virtualFolder="CMake Files\..\..\..\..\opt\ros\kinetic\share\roscpp_serialization\cmake\" />
      </Unit>
      <Unit filename="/home/kun/catkin_ws/src/../../../../opt/ros/kinetic/share/roscpp_serialization/cmake/roscpp_serializationConfig.cmake">
          <Option virtualFolder="CMake Files\..\..\..\..\opt\ros\kinetic\share\roscpp_serialization\cmake\" />
      </Unit>
      <Unit filename="/home/kun/catkin_ws/src/../../../../opt/ros/kinetic/share/roscpp_serialization/cmake/roscpp_serializationConfig-version.cmake">
          <Option virtualFolder="CMake Files\..\..\..\..\opt\ros\kinetic\share\roscpp_serialization\cmake\" />
      </Unit>
      <Unit filename="/home/kun/catkin_ws/src/../../../../opt/ros/kinetic/share/roscpp_serialization/cmake/roscpp_serializationConfig.cmake">
          <Option virtualFolder="CMake Files\..\..\..\..\opt\ros\kinetic\share\roscpp_serialization\cmake\" />
      </Unit>
      <Unit filename="/home/kun/catkin_ws/src/../../../../opt/ros/kinetic/share/roscpp_serialization/cmake/roscpp_serializationConfig-version.cmake">
          <Option virtualFolder="CMake Files\..\..\..\..\opt\ros\kinetic\share\roscpp_serialization\cmake\" />
      </Unit>
      <Unit filename="/home/kun/catkin_ws/src/../../../../opt/ros/kinetic/share/roscpp_serialization/cmake/roscpp_serializationConfig.cmake">
          <Option virtualFolder="CMake Files\..\..\..\..\opt\ros\kinetic\share\roscpp_serialization\cmake\" />
      </Unit>
      <Unit filename="/home/kun/catkin_ws/src/../../../../opt/ros/kinetic/share/roscpp_serialization/cmake/roscpp_serializationConfig-version.cmake">
          <Option virtualFolder="CMake Files\..\..\..\..\opt\ros\kinetic\share\roscpp_serialization\cmake\" />
      </Unit>
      <Unit filename="/home/kun/catkin_ws/src/../../../../opt/ros/kinetic/share/roscpp_serialization/cmake/roscpp_serializationConfig.cmake">
          <Option virtualFolder="CMake Files\..\..\..\..\opt\ros\kinetic\share\roscpp_serialization\cmake\" />
      </Unit>
      <Unit filename="/home/kun/catkin_ws/src/../../../../opt/ros/kinetic/share/roscpp_traits/cmake/roscpp_traitsConfig-version.cmake">
          <Option virtualFolder="CMake Files\..\..\..\..\opt\ros\kinetic\share\roscpp_traits\cmake\" />
      </Unit>
      <Unit filename="/home/kun/catkin_ws/src/../../../../opt/ros/kinetic/share/roscpp_traits/cmake/roscpp_traitsConfig.cmake">
          <Option virtualFolder="CMake Files\..\..\..\..\opt\ros\kinetic\share\roscpp_traits\cmake\" />
      </Unit>
      <Unit filename="/home/kun/catkin_ws/src/../../../../opt/ros/kinetic/share/roscpp_traits/cmake/roscpp_traitsConfig-version.cmake">
          <Option virtualFolder="CMake Files\..\..\..\..\opt\ros\kinetic\share\roscpp_traits\cmake\" />
      </Unit>
      <Unit filename="/home/kun/catkin_ws/src/../../../../opt/ros/kinetic/share/roscpp_traits/cmake/roscpp_traitsConfig.cmake">
          <Option virtualFolder="CMake Files\..\..\..\..\opt\ros\kinetic\share\roscpp_traits\cmake\" />
      </Unit>
      <Unit filename="/home/kun/catkin_ws/src/../../../../opt/ros/kinetic/share/roscpp_traits/cmake/roscpp_traitsConfig-version.cmake">
          <Option virtualFolder="CMake Files\..\..\..\..\opt\ros\kinetic\share\roscpp_traits\cmake\" />
      </Unit>
      <Unit filename="/home/kun/catkin_ws/src/../../../../opt/ros/kinetic/share/roscpp_traits/cmake/roscpp_traitsConfig.cmake">
          <Option virtualFolder="CMake Files\..\..\..\..\opt\ros\kinetic\share\roscpp_traits\cmake\" />
      </Unit>
      <Unit filename="/home/kun/catkin_ws/src/../../../../opt/ros/kinetic/share/roscpp_traits/cmake/roscpp_traitsConfig-version.cmake">
          <Option virtualFolder="CMake Files\..\..\..\..\opt\ros\kinetic\share\roscpp_traits\cmake\" />
      </Unit>
      <Unit filename="/home/kun/catkin_ws/src/../../../../opt/ros/kinetic/share/roscpp_traits/cmake/roscpp_traitsConfig.cmake">
          <Option virtualFolder="CMake Files\..\..\..\..\opt\ros\kinetic\share\roscpp_traits\cmake\" />
      </Unit>
      <Unit filename="/home/kun/catkin_ws/src/../../../../opt/ros/kinetic/share/rostime/cmake/rostimeConfig-version.cmake">
          <Option virtualFolder="CMake Files\..\..\..\..\opt\ros\kinetic\share\rostime\cmake\" />
      </Unit>
      <Unit filename="/home/kun/catkin_ws/src/../../../../opt/ros/kinetic/share/rostime/cmake/rostimeConfig.cmake">
          <Option virtualFolder="CMake Files\..\..\..\..\opt\ros\kinetic\share\rostime\cmake\" />
      </Unit>
      <Unit filename="/home/kun/catkin_ws/src/../../../../opt/ros/kinetic/share/rostime/cmake/rostimeConfig-version.cmake">
          <Option virtualFolder="CMake Files\..\..\..\..\opt\ros\kinetic\share\rostime\cmake\" />
      </Unit>
      <Unit filename="/home/kun/catkin_ws/src/../../../../opt/ros/kinetic/share/rostime/cmake/rostimeConfig.cmake">
          <Option virtualFolder="CMake Files\..\..\..\..\opt\ros\kinetic\share\rostime\cmake\" />
      </Unit>
      <Unit filename="/home/kun/catkin_ws/src/../../../../opt/ros/kinetic/share/rostime/cmake/rostimeConfig-version.cmake">
          <Option virtualFolder="CMake Files\..\..\..\..\opt\ros\kinetic\share\rostime\cmake\" />
      </Unit>
      <Unit filename="/home/kun/catkin_ws/src/../../../../opt/ros/kinetic/share/rostime/cmake/rostimeConfig.cmake">
          <Option virtualFolder="CMake Files\..\..\..\..\opt\ros\kinetic\share\rostime\cmake\" />
      </Unit>
      <Unit filename="/home/kun/catkin_ws/src/../../../../opt/ros/kinetic/share/rostime/cmake/rostimeConfig-version.cmake">
          <Option virtualFolder="CMake Files\..\..\..\..\opt\ros\kinetic\share\rostime\cmake\" />
      </Unit>
      <Unit filename="/home/kun/catkin_ws/src/../../../../opt/ros/kinetic/share/rostime/cmake/rostimeConfig.cmake">
          <Option virtualFolder="CMake Files\..\..\..\..\opt\ros\kinetic\share\rostime\cmake\" />
      </Unit>
      <Unit filename="/home/kun/catkin_ws/src/../../../../opt/ros/kinetic/share/rosconsole/cmake/rosconsoleConfig-version.cmake">
          <Option virtualFolder="CMake Files\..\..\..\..\opt\ros\kinetic\share\rosconsole\cmake\" />
      </Unit>
      <Unit filename="/home/kun/catkin_ws/src/../../../../opt/ros/kinetic/share/rosconsole/cmake/rosconsoleConfig.cmake">
          <Option virtualFolder="CMake Files\..\..\..\..\opt\ros\kinetic\share\rosconsole\cmake\" />
      </Unit>
      <Unit filename="/home/kun/catkin_ws/src/../../../../opt/ros/kinetic/share/rosconsole/cmake/rosconsole-extras.cmake">
          <Option virtualFolder="CMake Files\..\..\..\..\opt\ros\kinetic\share\rosconsole\cmake\" />
      </Unit>
      <Unit filename="/home/kun/catkin_ws/src/../../../../opt/ros/kinetic/share/rosconsole/cmake/rosconsoleConfig-version.cmake">
          <Option virtualFolder="CMake Files\..\..\..\..\opt\ros\kinetic\share\rosconsole\cmake\" />
      </Unit>
      <Unit filename="/home/kun/catkin_ws/src/../../../../opt/ros/kinetic/share/rosconsole/cmake/rosconsoleConfig.cmake">
          <Option virtualFolder="CMake Files\..\..\..\..\opt\ros\kinetic\share\rosconsole\cmake\" />
      </Unit>
      <Unit filename="/home/kun/catkin_ws/src/../../../../opt/ros/kinetic/share/rosconsole/cmake/rosconsole-extras.cmake">
          <Option virtualFolder="CMake Files\..\..\..\..\opt\ros\kinetic\share\rosconsole\cmake\" />
      </Unit>
      <Unit filename="/home/kun/catkin_ws/src/../../../../opt/ros/kinetic/share/rosconsole/cmake/rosconsoleConfig-version.cmake">
          <Option virtualFolder="CMake Files\..\..\..\..\opt\ros\kinetic\share\rosconsole\cmake\" />
      </Unit>
      <Unit filename="/home/kun/catkin_ws/src/../../../../opt/ros/kinetic/share/rosconsole/cmake/rosconsoleConfig.cmake">
          <Option virtualFolder="CMake Files\..\..\..\..\opt\ros\kinetic\share\rosconsole\cmake\" />
      </Unit>
      <Unit filename="/home/kun/catkin_ws/src/../../../../opt/ros/kinetic/share/rosconsole/cmake/rosconsole-extras.cmake">
          <Option virtualFolder="CMake Files\..\..\..\..\opt\ros\kinetic\share\rosconsole\cmake\" />
      </Unit>
      <Unit filename="/home/kun/catkin_ws/src/../../../../opt/ros/kinetic/share/rosconsole/cmake/rosconsoleConfig-version.cmake">
          <Option virtualFolder="CMake Files\..\..\..\..\opt\ros\kinetic\share\rosconsole\cmake\" />
      </Unit>
      <Unit filename="/home/kun/catkin_ws/src/../../../../opt/ros/kinetic/share/rosconsole/cmake/rosconsoleConfig.cmake">
          <Option virtualFolder="CMake Files\..\..\..\..\opt\ros\kinetic\share\rosconsole\cmake\" />
      </Unit>
      <Unit filename="/home/kun/catkin_ws/src/../../../../opt/ros/kinetic/share/rosconsole/cmake/rosconsole-extras.cmake">
          <Option virtualFolder="CMake Files\..\..\..\..\opt\ros\kinetic\share\rosconsole\cmake\" />
      </Unit>
      <Unit filename="/home/kun/catkin_ws/src/../../../../opt/ros/kinetic/share/rosgraph_msgs/cmake/rosgraph_msgsConfig-version.cmake">
          <Option virtualFolder="CMake Files\..\..\..\..\opt\ros\kinetic\share\rosgraph_msgs\cmake\" />
      </Unit>
      <Unit filename="/home/kun/catkin_ws/src/../../../../opt/ros/kinetic/share/rosgraph_msgs/cmake/rosgraph_msgsConfig.cmake">
          <Option virtualFolder="CMake Files\..\..\..\..\opt\ros\kinetic\share\rosgraph_msgs\cmake\" />
      </Unit>
      <Unit filename="/home/kun/catkin_ws/src/../../../../opt/ros/kinetic/share/rosgraph_msgs/cmake/rosgraph_msgs-msg-extras.cmake">
          <Option virtualFolder="CMake Files\..\..\..\..\opt\ros\kinetic\share\rosgraph_msgs\cmake\" />
      </Unit>
      <Unit filename="/home/kun/catkin_ws/src/../../../../opt/ros/kinetic/share/rosgraph_msgs/cmake/rosgraph_msgsConfig-version.cmake">
          <Option virtualFolder="CMake Files\..\..\..\..\opt\ros\kinetic\share\rosgraph_msgs\cmake\" />
      </Unit>
      <Unit filename="/home/kun/catkin_ws/src/../../../../opt/ros/kinetic/share/rosgraph_msgs/cmake/rosgraph_msgsConfig.cmake">
          <Option virtualFolder="CMake Files\..\..\..\..\opt\ros\kinetic\share\rosgraph_msgs\cmake\" />
      </Unit>
      <Unit filename="/home/kun/catkin_ws/src/../../../../opt/ros/kinetic/share/rosgraph_msgs/cmake/rosgraph_msgs-msg-extras.cmake">
          <Option virtualFolder="CMake Files\..\..\..\..\opt\ros\kinetic\share\rosgraph_msgs\cmake\" />
      </Unit>
      <Unit filename="/home/kun/catkin_ws/src/../../../../opt/ros/kinetic/share/rosgraph_msgs/cmake/rosgraph_msgsConfig-version.cmake">
          <Option virtualFolder="CMake Files\..\..\..\..\opt\ros\kinetic\share\rosgraph_msgs\cmake\" />
      </Unit>
      <Unit filename="/home/kun/catkin_ws/src/../../../../opt/ros/kinetic/share/rosgraph_msgs/cmake/rosgraph_msgsConfig.cmake">
          <Option virtualFolder="CMake Files\..\..\..\..\opt\ros\kinetic\share\rosgraph_msgs\cmake\" />
      </Unit>
      <Unit filename="/home/kun/catkin_ws/src/../../../../opt/ros/kinetic/share/rosgraph_msgs/cmake/rosgraph_msgs-msg-extras.cmake">
          <Option virtualFolder="CMake Files\..\..\..\..\opt\ros\kinetic\share\rosgraph_msgs\cmake\" />
      </Unit>
      <Unit filename="/home/kun/catkin_ws/src/../../../../opt/ros/kinetic/share/rosgraph_msgs/cmake/rosgraph_msgsConfig-version.cmake">
          <Option virtualFolder="CMake Files\..\..\..\..\opt\ros\kinetic\share\rosgraph_msgs\cmake\" />
      </Unit>
      <Unit filename="/home/kun/catkin_ws/src/../../../../opt/ros/kinetic/share/rosgraph_msgs/cmake/rosgraph_msgsConfig.cmake">
          <Option virtualFolder="CMake Files\..\..\..\..\opt\ros\kinetic\share\rosgraph_msgs\cmake\" />
      </Unit>
      <Unit filename="/home/kun/catkin_ws/src/../../../../opt/ros/kinetic/share/rosgraph_msgs/cmake/rosgraph_msgs-msg-extras.cmake">
          <Option virtualFolder="CMake Files\..\..\..\..\opt\ros\kinetic\share\rosgraph_msgs\cmake\" />
      </Unit>
      <Unit filename="/home/kun/catkin_ws/src/../../../../opt/ros/kinetic/share/std_msgs/cmake/std_msgsConfig-version.cmake">
          <Option virtualFolder="CMake Files\..\..\..\..\opt\ros\kinetic\share\std_msgs\cmake\" />
      </Unit>
      <Unit filename="/home/kun/catkin_ws/src/../../../../opt/ros/kinetic/share/std_msgs/cmake/std_msgsConfig.cmake">
          <Option virtualFolder="CMake Files\..\..\..\..\opt\ros\kinetic\share\std_msgs\cmake\" />
      </Unit>
      <Unit filename="/home/kun/catkin_ws/src/../../../../opt/ros/kinetic/share/std_msgs/cmake/std_msgs-msg-extras.cmake">
          <Option virtualFolder="CMake Files\..\..\..\..\opt\ros\kinetic\share\std_msgs\cmake\" />
      </Unit>
      <Unit filename="/home/kun/catkin_ws/src/../../../../opt/ros/kinetic/share/std_msgs/cmake/std_msgsConfig-version.cmake">
          <Option virtualFolder="CMake Files\..\..\..\..\opt\ros\kinetic\share\std_msgs\cmake\" />
      </Unit>
      <Unit filename="/home/kun/catkin_ws/src/../../../../opt/ros/kinetic/share/std_msgs/cmake/std_msgsConfig.cmake">
          <Option virtualFolder="CMake Files\..\..\..\..\opt\ros\kinetic\share\std_msgs\cmake\" />
      </Unit>
      <Unit filename="/home/kun/catkin_ws/src/../../../../opt/ros/kinetic/share/std_msgs/cmake/std_msgs-msg-extras.cmake">
          <Option virtualFolder="CMake Files\..\..\..\..\opt\ros\kinetic\share\std_msgs\cmake\" />
      </Unit>
      <Unit filename="/home/kun/catkin_ws/src/../../../../opt/ros/kinetic/share/std_msgs/cmake/std_msgsConfig-version.cmake">
          <Option virtualFolder="CMake Files\..\..\..\..\opt\ros\kinetic\share\std_msgs\cmake\" />
      </Unit>
      <Unit filename="/home/kun/catkin_ws/src/../../../../opt/ros/kinetic/share/std_msgs/cmake/std_msgsConfig.cmake">
          <Option virtualFolder="CMake Files\..\..\..\..\opt\ros\kinetic\share\std_msgs\cmake\" />
      </Unit>
      <Unit filename="/home/kun/catkin_ws/src/../../../../opt/ros/kinetic/share/std_msgs/cmake/std_msgs-msg-extras.cmake">
          <Option virtualFolder="CMake Files\..\..\..\..\opt\ros\kinetic\share\std_msgs\cmake\" />
      </Unit>
      <Unit filename="/home/kun/catkin_ws/src/../../../../opt/ros/kinetic/share/std_msgs/cmake/std_msgsConfig-version.cmake">
          <Option virtualFolder="CMake Files\..\..\..\..\opt\ros\kinetic\share\std_msgs\cmake\" />
      </Unit>
      <Unit filename="/home/kun/catkin_ws/src/../../../../opt/ros/kinetic/share/std_msgs/cmake/std_msgsConfig.cmake">
          <Option virtualFolder="CMake Files\..\..\..\..\opt\ros\kinetic\share\std_msgs\cmake\" />
      </Unit>
      <Unit filename="/home/kun/catkin_ws/src/../../../../opt/ros/kinetic/share/std_msgs/cmake/std_msgs-msg-extras.cmake">
          <Option virtualFolder="CMake Files\..\..\..\..\opt\ros\kinetic\share\std_msgs\cmake\" />
      </Unit>
      <Unit filename="/home/kun/catkin_ws/src/../../../../opt/ros/kinetic/share/xmlrpcpp/cmake/xmlrpcppConfig-version.cmake">
          <Option virtualFolder="CMake Files\..\..\..\..\opt\ros\kinetic\share\xmlrpcpp\cmake\" />
      </Unit>
      <Unit filename="/home/kun/catkin_ws/src/../../../../opt/ros/kinetic/share/xmlrpcpp/cmake/xmlrpcppConfig.cmake">
          <Option virtualFolder="CMake Files\..\..\..\..\opt\ros\kinetic\share\xmlrpcpp\cmake\" />
      </Unit>
      <Unit filename="/home/kun/catkin_ws/src/../../../../opt/ros/kinetic/share/xmlrpcpp/cmake/xmlrpcpp-extras.cmake">
          <Option virtualFolder="CMake Files\..\..\..\..\opt\ros\kinetic\share\xmlrpcpp\cmake\" />
      </Unit>
      <Unit filename="/home/kun/catkin_ws/src/../../../../opt/ros/kinetic/share/xmlrpcpp/cmake/xmlrpcppConfig-version.cmake">
          <Option virtualFolder="CMake Files\..\..\..\..\opt\ros\kinetic\share\xmlrpcpp\cmake\" />
      </Unit>
      <Unit filename="/home/kun/catkin_ws/src/../../../../opt/ros/kinetic/share/xmlrpcpp/cmake/xmlrpcppConfig.cmake">
          <Option virtualFolder="CMake Files\..\..\..\..\opt\ros\kinetic\share\xmlrpcpp\cmake\" />
      </Unit>
      <Unit filename="/home/kun/catkin_ws/src/../../../../opt/ros/kinetic/share/xmlrpcpp/cmake/xmlrpcpp-extras.cmake">
          <Option virtualFolder="CMake Files\..\..\..\..\opt\ros\kinetic\share\xmlrpcpp\cmake\" />
      </Unit>
      <Unit filename="/home/kun/catkin_ws/src/../../../../opt/ros/kinetic/share/xmlrpcpp/cmake/xmlrpcppConfig-version.cmake">
          <Option virtualFolder="CMake Files\..\..\..\..\opt\ros\kinetic\share\xmlrpcpp\cmake\" />
      </Unit>
      <Unit filename="/home/kun/catkin_ws/src/../../../../opt/ros/kinetic/share/xmlrpcpp/cmake/xmlrpcppConfig.cmake">
          <Option virtualFolder="CMake Files\..\..\..\..\opt\ros\kinetic\share\xmlrpcpp\cmake\" />
      </Unit>
      <Unit filename="/home/kun/catkin_ws/src/../../../../opt/ros/kinetic/share/xmlrpcpp/cmake/xmlrpcpp-extras.cmake">
          <Option virtualFolder="CMake Files\..\..\..\..\opt\ros\kinetic\share\xmlrpcpp\cmake\" />
      </Unit>
      <Unit filename="/home/kun/catkin_ws/src/../../../../opt/ros/kinetic/share/xmlrpcpp/cmake/xmlrpcppConfig-version.cmake">
          <Option virtualFolder="CMake Files\..\..\..\..\opt\ros\kinetic\share\xmlrpcpp\cmake\" />
      </Unit>
      <Unit filename="/home/kun/catkin_ws/src/../../../../opt/ros/kinetic/share/xmlrpcpp/cmake/xmlrpcppConfig.cmake">
          <Option virtualFolder="CMake Files\..\..\..\..\opt\ros\kinetic\share\xmlrpcpp\cmake\" />
      </Unit>
      <Unit filename="/home/kun/catkin_ws/src/../../../../opt/ros/kinetic/share/xmlrpcpp/cmake/xmlrpcpp-extras.cmake">
          <Option virtualFolder="CMake Files\..\..\..\..\opt\ros\kinetic\share\xmlrpcpp\cmake\" />
      </Unit>
      <Unit filename="/home/kun/catkin_ws/src/../../../../opt/ros/kinetic/share/geometry_msgs/cmake/geometry_msgsConfig-version.cmake">
          <Option virtualFolder="CMake Files\..\..\..\..\opt\ros\kinetic\share\geometry_msgs\cmake\" />
      </Unit>
      <Unit filename="/home/kun/catkin_ws/src/../../../../opt/ros/kinetic/share/geometry_msgs/cmake/geometry_msgsConfig.cmake">
          <Option virtualFolder="CMake Files\..\..\..\..\opt\ros\kinetic\share\geometry_msgs\cmake\" />
      </Unit>
      <Unit filename="/home/kun/catkin_ws/src/../../../../opt/ros/kinetic/share/geometry_msgs/cmake/geometry_msgs-msg-extras.cmake">
          <Option virtualFolder="CMake Files\..\..\..\..\opt\ros\kinetic\share\geometry_msgs\cmake\" />
      </Unit>
      <Unit filename="/home/kun/catkin_ws/src/../../../../opt/ros/kinetic/share/geometry_msgs/cmake/geometry_msgsConfig-version.cmake">
          <Option virtualFolder="CMake Files\..\..\..\..\opt\ros\kinetic\share\geometry_msgs\cmake\" />
      </Unit>
      <Unit filename="/home/kun/catkin_ws/src/../../../../opt/ros/kinetic/share/geometry_msgs/cmake/geometry_msgsConfig.cmake">
          <Option virtualFolder="CMake Files\..\..\..\..\opt\ros\kinetic\share\geometry_msgs\cmake\" />
      </Unit>
      <Unit filename="/home/kun/catkin_ws/src/../../../../opt/ros/kinetic/share/geometry_msgs/cmake/geometry_msgs-msg-extras.cmake">
          <Option virtualFolder="CMake Files\..\..\..\..\opt\ros\kinetic\share\geometry_msgs\cmake\" />
      </Unit>
      <Unit filename="/home/kun/catkin_ws/src/../../../../opt/ros/kinetic/share/geometry_msgs/cmake/geometry_msgsConfig-version.cmake">
          <Option virtualFolder="CMake Files\..\..\..\..\opt\ros\kinetic\share\geometry_msgs\cmake\" />
      </Unit>
      <Unit filename="/home/kun/catkin_ws/src/../../../../opt/ros/kinetic/share/geometry_msgs/cmake/geometry_msgsConfig.cmake">
          <Option virtualFolder="CMake Files\..\..\..\..\opt\ros\kinetic\share\geometry_msgs\cmake\" />
      </Unit>
      <Unit filename="/home/kun/catkin_ws/src/../../../../opt/ros/kinetic/share/geometry_msgs/cmake/geometry_msgs-msg-extras.cmake">
          <Option virtualFolder="CMake Files\..\..\..\..\opt\ros\kinetic\share\geometry_msgs\cmake\" />
      </Unit>
      <Unit filename="/home/kun/catkin_ws/src/../../../../opt/ros/kinetic/share/geometry_msgs/cmake/geometry_msgsConfig-version.cmake">
          <Option virtualFolder="CMake Files\..\..\..\..\opt\ros\kinetic\share\geometry_msgs\cmake\" />
      </Unit>
      <Unit filename="/home/kun/catkin_ws/src/../../../../opt/ros/kinetic/share/geometry_msgs/cmake/geometry_msgsConfig.cmake">
          <Option virtualFolder="CMake Files\..\..\..\..\opt\ros\kinetic\share\geometry_msgs\cmake\" />
      </Unit>
      <Unit filename="/home/kun/catkin_ws/src/../../../../opt/ros/kinetic/share/geometry_msgs/cmake/geometry_msgs-msg-extras.cmake">
          <Option virtualFolder="CMake Files\..\..\..\..\opt\ros\kinetic\share\geometry_msgs\cmake\" />
      </Unit>
      <Unit filename="/home/kun/catkin_ws/src/../../../../opt/ros/kinetic/share/turtlesim/cmake/turtlesimConfig-version.cmake">
          <Option virtualFolder="CMake Files\..\..\..\..\opt\ros\kinetic\share\turtlesim\cmake\" />
      </Unit>
      <Unit filename="/home/kun/catkin_ws/src/../../../../opt/ros/kinetic/share/turtlesim/cmake/turtlesimConfig.cmake">
          <Option virtualFolder="CMake Files\..\..\..\..\opt\ros\kinetic\share\turtlesim\cmake\" />
      </Unit>
      <Unit filename="/home/kun/catkin_ws/src/../../../../opt/ros/kinetic/share/turtlesim/cmake/turtlesim-msg-extras.cmake">
          <Option virtualFolder="CMake Files\..\..\..\..\opt\ros\kinetic\share\turtlesim\cmake\" />
      </Unit>
      <Unit filename="/home/kun/catkin_ws/src/../../../../opt/ros/kinetic/share/turtlesim/cmake/turtlesimConfig-version.cmake">
          <Option virtualFolder="CMake Files\..\..\..\..\opt\ros\kinetic\share\turtlesim\cmake\" />
      </Unit>
      <Unit filename="/home/kun/catkin_ws/src/../../../../opt/ros/kinetic/share/turtlesim/cmake/turtlesimConfig.cmake">
          <Option virtualFolder="CMake Files\..\..\..\..\opt\ros\kinetic\share\turtlesim\cmake\" />
      </Unit>
      <Unit filename="/home/kun/catkin_ws/src/../../../../opt/ros/kinetic/share/turtlesim/cmake/turtlesim-msg-extras.cmake">
          <Option virtualFolder="CMake Files\..\..\..\..\opt\ros\kinetic\share\turtlesim\cmake\" />
      </Unit>
      <Unit filename="/home/kun/catkin_ws/src/../../../../opt/ros/kinetic/share/turtlesim/cmake/turtlesimConfig-version.cmake">
          <Option virtualFolder="CMake Files\..\..\..\..\opt\ros\kinetic\share\turtlesim\cmake\" />
      </Unit>
      <Unit filename="/home/kun/catkin_ws/src/../../../../opt/ros/kinetic/share/turtlesim/cmake/turtlesimConfig.cmake">
          <Option virtualFolder="CMake Files\..\..\..\..\opt\ros\kinetic\share\turtlesim\cmake\" />
      </Unit>
      <Unit filename="/home/kun/catkin_ws/src/../../../../opt/ros/kinetic/share/turtlesim/cmake/turtlesim-msg-extras.cmake">
          <Option virtualFolder="CMake Files\..\..\..\..\opt\ros\kinetic\share\turtlesim\cmake\" />
      </Unit>
      <Unit filename="/home/kun/catkin_ws/src/../../../../opt/ros/kinetic/share/turtlesim/cmake/turtlesimConfig-version.cmake">
          <Option virtualFolder="CMake Files\..\..\..\..\opt\ros\kinetic\share\turtlesim\cmake\" />
      </Unit>
      <Unit filename="/home/kun/catkin_ws/src/../../../../opt/ros/kinetic/share/turtlesim/cmake/turtlesimConfig.cmake">
          <Option virtualFolder="CMake Files\..\..\..\..\opt\ros\kinetic\share\turtlesim\cmake\" />
      </Unit>
      <Unit filename="/home/kun/catkin_ws/src/../../../../opt/ros/kinetic/share/turtlesim/cmake/turtlesim-msg-extras.cmake">
          <Option virtualFolder="CMake Files\..\..\..\..\opt\ros\kinetic\share\turtlesim\cmake\" />
      </Unit>
      <Unit filename="/home/kun/catkin_ws/src/../../../../opt/ros/kinetic/share/std_srvs/cmake/std_srvsConfig-version.cmake">
          <Option virtualFolder="CMake Files\..\..\..\..\opt\ros\kinetic\share\std_srvs\cmake\" />
      </Unit>
      <Unit filename="/home/kun/catkin_ws/src/../../../../opt/ros/kinetic/share/std_srvs/cmake/std_srvsConfig.cmake">
          <Option virtualFolder="CMake Files\..\..\..\..\opt\ros\kinetic\share\std_srvs\cmake\" />
      </Unit>
      <Unit filename="/home/kun/catkin_ws/src/../../../../opt/ros/kinetic/share/std_srvs/cmake/std_srvs-msg-extras.cmake">
          <Option virtualFolder="CMake Files\..\..\..\..\opt\ros\kinetic\share\std_srvs\cmake\" />
      </Unit>
      <Unit filename="/home/kun/catkin_ws/src/../../../../opt/ros/kinetic/share/std_srvs/cmake/std_srvsConfig-version.cmake">
          <Option virtualFolder="CMake Files\..\..\..\..\opt\ros\kinetic\share\std_srvs\cmake\" />
      </Unit>
      <Unit filename="/home/kun/catkin_ws/src/../../../../opt/ros/kinetic/share/std_srvs/cmake/std_srvsConfig.cmake">
          <Option virtualFolder="CMake Files\..\..\..\..\opt\ros\kinetic\share\std_srvs\cmake\" />
      </Unit>
      <Unit filename="/home/kun/catkin_ws/src/../../../../opt/ros/kinetic/share/std_srvs/cmake/std_srvs-msg-extras.cmake">
          <Option virtualFolder="CMake Files\..\..\..\..\opt\ros\kinetic\share\std_srvs\cmake\" />
      </Unit>
      <Unit filename="/home/kun/catkin_ws/src/../../../../opt/ros/kinetic/share/std_srvs/cmake/std_srvsConfig-version.cmake">
          <Option virtualFolder="CMake Files\..\..\..\..\opt\ros\kinetic\share\std_srvs\cmake\" />
      </Unit>
      <Unit filename="/home/kun/catkin_ws/src/../../../../opt/ros/kinetic/share/std_srvs/cmake/std_srvsConfig.cmake">
          <Option virtualFolder="CMake Files\..\..\..\..\opt\ros\kinetic\share\std_srvs\cmake\" />
      </Unit>
      <Unit filename="/home/kun/catkin_ws/src/../../../../opt/ros/kinetic/share/std_srvs/cmake/std_srvs-msg-extras.cmake">
          <Option virtualFolder="CMake Files\..\..\..\..\opt\ros\kinetic\share\std_srvs\cmake\" />
      </Unit>
      <Unit filename="/home/kun/catkin_ws/src/../../../../opt/ros/kinetic/share/std_srvs/cmake/std_srvsConfig-version.cmake">
          <Option virtualFolder="CMake Files\..\..\..\..\opt\ros\kinetic\share\std_srvs\cmake\" />
      </Unit>
      <Unit filename="/home/kun/catkin_ws/src/../../../../opt/ros/kinetic/share/std_srvs/cmake/std_srvsConfig.cmake">
          <Option virtualFolder="CMake Files\..\..\..\..\opt\ros\kinetic\share\std_srvs\cmake\" />
      </Unit>
      <Unit filename="/home/kun/catkin_ws/src/../../../../opt/ros/kinetic/share/std_srvs/cmake/std_srvs-msg-extras.cmake">
          <Option virtualFolder="CMake Files\..\..\..\..\opt\ros\kinetic\share\std_srvs\cmake\" />
      </Unit>
      <Unit filename="/home/kun/catkin_ws/src/../../../../usr/src/gmock/CMakeLists.txt">
          <Option virtualFolder="CMake Files\..\..\..\..\usr\src\gmock\" />
      </Unit>
      <Unit filename="/home/kun/catkin_ws/src/../../../../usr/src/gmock/CMakeLists.txt">
          <Option virtualFolder="CMake Files\..\..\..\..\usr\src\gmock\" />
      </Unit>
      <Unit filename="/home/kun/catkin_ws/src/../../../../usr/src/gtest/CMakeLists.txt">
          <Option virtualFolder="CMake Files\..\..\..\..\usr\src\gtest\" />
      </Unit>
      <Unit filename="/home/kun/catkin_ws/src/../../../../usr/src/gtest/CMakeLists.txt">
          <Option virtualFolder="CMake Files\..\..\..\..\usr\src\gtest\" />
      </Unit>
      <Unit filename="/home/kun/catkin_ws/src/../../../../usr/src/gtest/CMakeLists.txt">
          <Option virtualFolder="CMake Files\..\..\..\..\usr\src\gtest\" />
      </Unit>
      <Unit filename="/home/kun/catkin_ws/src/../../../../usr/src/gtest/cmake/internal_utils.cmake">
          <Option virtualFolder="CMake Files\..\..\..\..\usr\src\gtest\cmake\" />
      </Unit>
      <Unit filename="/home/kun/catkin_ws/src/../../../../usr/src/gtest/cmake/internal_utils.cmake">
          <Option virtualFolder="CMake Files\..\..\..\..\usr\src\gtest\cmake\" />
      </Unit>
      <Unit filename="/home/kun/catkin_ws/src/../../../../usr/src/gtest/cmake/internal_utils.cmake">
          <Option virtualFolder="CMake Files\..\..\..\..\usr\src\gtest\cmake\" />
      </Unit>
      <Unit filename="/home/kun/catkin_ws/src/../../../../usr/local/lib/cmake/rbdl/RBDLConfig.cmake">
          <Option virtualFolder="CMake Files\..\..\..\..\usr\local\lib\cmake\rbdl\" />
      </Unit>
      <Unit filename="/home/kun/catkin_ws/src/../../../../usr/local/lib/cmake/rbdl/RBDLConfig.cmake">
          <Option virtualFolder="CMake Files\..\..\..\..\usr\local\lib\cmake\rbdl\" />
      </Unit>
      <Unit filename="/home/kun/catkin_ws/src/../../../../usr/local/lib/cmake/rbdl/RBDLConfig.cmake">
          <Option virtualFolder="CMake Files\..\..\..\..\usr\local\lib\cmake\rbdl\" />
      </Unit>
      <Unit filename="/home/kun/catkin_ws/src/../../../../usr/local/lib/cmake/rbdl/RBDLConfig.cmake">
          <Option virtualFolder="CMake Files\..\..\..\..\usr\local\lib\cmake\rbdl\" />
      </Unit>
      <Unit filename="/home/kun/catkin_ws/src/../../../../usr/local/lib/cmake/rbdl/RBDLConfig.cmake">
          <Option virtualFolder="CMake Files\..\..\..\..\usr\local\lib\cmake\rbdl\" />
      </Unit>
      <Unit filename="/home/kun/catkin_ws/src/../../../../usr/local/lib/cmake/rbdl/RBDLConfig.cmake">
          <Option virtualFolder="CMake Files\..\..\..\..\usr\local\lib\cmake\rbdl\" />
      </Unit>
      <Unit filename="/home/kun/catkin_ws/src/../../../../usr/local/lib/cmake/rbdl/RBDLConfig.cmake">
          <Option virtualFolder="CMake Files\..\..\..\..\usr\local\lib\cmake\rbdl\" />
      </Unit>
      <Unit filename="/home/kun/catkin_ws/src/../../../../usr/local/lib/cmake/rbdl/RBDLConfig.cmake">
          <Option virtualFolder="CMake Files\..\..\..\..\usr\local\lib\cmake\rbdl\" />
      </Unit>
      <Unit filename="/home/kun/catkin_ws/src/../debug/catkin/catkin_generated/version/package.cmake">
          <Option virtualFolder="CMake Files\..\debug\catkin\catkin_generated\version\" />
      </Unit>
      <Unit filename="/home/kun/catkin_ws/src/../debug/catkin_generated/order_packages.cmake">
          <Option virtualFolder="CMake Files\..\debug\catkin_generated\" />
      </Unit>
      <Unit filename="/home/kun/catkin_ws/src/../debug/catkin_generated/installspace/_setup_util.py">
          <Option virtualFolder="CMake Files\..\debug\catkin_generated\installspace\" />
      </Unit>
      <Unit filename="/home/kun/catkin_ws/src/../debug/single_leg_test/catkin_generated/ordered_paths.cmake">
          <Option virtualFolder="CMake Files\..\debug\single_leg_test\catkin_generated\" />
      </Unit>
      <Unit filename="/home/kun/catkin_ws/src/../debug/single_leg_test/catkin_generated/ordered_paths.cmake">
          <Option virtualFolder="CMake Files\..\debug\single_leg_test\catkin_generated\" />
      </Unit>
      <Unit filename="/home/kun/catkin_ws/src/../debug/single_leg_test/catkin_generated/package.cmake">
          <Option virtualFolder="CMake Files\..\debug\single_leg_test\catkin_generated\" />
      </Unit>
      <Unit filename="/home/kun/catkin_ws/src/../debug/single_leg_test/catkin_generated/ordered_paths.cmake">
          <Option virtualFolder="CMake Files\..\debug\single_leg_test\catkin_generated\" />
      </Unit>
      <Unit filename="/home/kun/catkin_ws/src/../debug/single_leg_test/catkin_generated/ordered_paths.cmake">
          <Option virtualFolder="CMake Files\..\debug\single_leg_test\catkin_generated\" />
      </Unit>
      <Unit filename="/home/kun/catkin_ws/src/../debug/single_leg_test/catkin_generated/package.cmake">
          <Option virtualFolder="CMake Files\..\debug\single_leg_test\catkin_generated\" />
      </Unit>
      <Unit filename="/home/kun/catkin_ws/src/../debug/devel/share/single_leg_test/cmake/single_leg_testConfig-version.cmake">
          <Option virtualFolder="CMake Files\..\debug\devel\share\single_leg_test\cmake\" />
      </Unit>
      <Unit filename="/home/kun/catkin_ws/src/../debug/devel/share/single_leg_test/cmake/single_leg_testConfig.cmake">
          <Option virtualFolder="CMake Files\..\debug\devel\share\single_leg_test\cmake\" />
      </Unit>
      <Unit filename="/home/kun/catkin_ws/src/../debug/devel/share/single_leg_test/cmake/single_leg_testConfig-version.cmake">
          <Option virtualFolder="CMake Files\..\debug\devel\share\single_leg_test\cmake\" />
      </Unit>
      <Unit filename="/home/kun/catkin_ws/src/../debug/devel/share/single_leg_test/cmake/single_leg_testConfig.cmake">
          <Option virtualFolder="CMake Files\..\debug\devel\share\single_leg_test\cmake\" />
      </Unit>
      <Unit filename="/home/kun/catkin_ws/src/../debug/webots_simulation/catkin_generated/ordered_paths.cmake">
          <Option virtualFolder="CMake Files\..\debug\webots_simulation\catkin_generated\" />
      </Unit>
      <Unit filename="/home/kun/catkin_ws/src/../debug/webots_simulation/catkin_generated/ordered_paths.cmake">
          <Option virtualFolder="CMake Files\..\debug\webots_simulation\catkin_generated\" />
      </Unit>
      <Unit filename="/home/kun/catkin_ws/src/../debug/webots_simulation/catkin_generated/package.cmake">
          <Option virtualFolder="CMake Files\..\debug\webots_simulation\catkin_generated\" />
      </Unit>
      <Unit filename="/home/kun/catkin_ws/src/../debug/webots_simulation/catkin_generated/ordered_paths.cmake">
          <Option virtualFolder="CMake Files\..\debug\webots_simulation\catkin_generated\" />
      </Unit>
      <Unit filename="/home/kun/catkin_ws/src/../debug/webots_simulation/catkin_generated/ordered_paths.cmake">
          <Option virtualFolder="CMake Files\..\debug\webots_simulation\catkin_generated\" />
      </Unit>
      <Unit filename="/home/kun/catkin_ws/src/../debug/webots_simulation/catkin_generated/package.cmake">
          <Option virtualFolder="CMake Files\..\debug\webots_simulation\catkin_generated\" />
      </Unit>
      <Unit filename="/home/kun/catkin_ws/src/single_leg_test/CMakeLists.txt">
          <Option virtualFolder="CMake Files\single_leg_test\" />
      </Unit>
      <Unit filename="/home/kun/catkin_ws/src/single_leg_test/package.xml">
          <Option virtualFolder="CMake Files\single_leg_test\" />
      </Unit>
      <Unit filename="/home/kun/catkin_ws/src/single_leg_test/CMakeLists.txt">
          <Option virtualFolder="CMake Files\single_leg_test\" />
      </Unit>
      <Unit filename="/home/kun/catkin_ws/src/single_leg_test/package.xml">
          <Option virtualFolder="CMake Files\single_leg_test\" />
      </Unit>
      <Unit filename="/home/kun/catkin_ws/src/webots_simulation/CMakeLists.txt">
          <Option virtualFolder="CMake Files\webots_simulation\" />
      </Unit>
      <Unit filename="/home/kun/catkin_ws/src/webots_simulation/package.xml">
          <Option virtualFolder="CMake Files\webots_simulation\" />
      </Unit>
      <Unit filename="/home/kun/catkin_ws/src/webots_simulation/CMakeLists.txt">
          <Option virtualFolder="CMake Files\webots_simulation\" />
      </Unit>
      <Unit filename="/home/kun/catkin_ws/src/webots_simulation/package.xml">
          <Option virtualFolder="CMake Files\webots_simulation\" />
      </Unit>
   </Project>
</CodeBlocks_project_file>
